
Microsoft Visual Studio Solution File, Format Version 12.00
# Visual Studio Version 16
VisualStudioVersion = 16.0.31729.503
MinimumVisualStudioVersion = 10.0.40219.1
Project("{FAE04EC0-301F-11D3-BF4B-00C04F79EFBC}") = "eTickets", "eTickets\eTickets.csproj", "{3B07006A-4FD4-4D3A-84C5-87732CC1B2C9}"
EndProject
Global
	GlobalSection(SolutionConfigurationPlatforms) = preSolution
		Debug|Any CPU = Debug|Any CPU
		Release|Any CPU = Release|Any CPU
	EndGlobalSection
	GlobalSection(ProjectConfigurationPlatforms) = postSolution
		{3B07006A-4FD4-4D3A-84C5-87732CC1B2C9}.Debug|Any CPU.ActiveCfg = Debug|Any CPU
		{3B07006A-4FD4-4D3A-84C5-87732CC1B2C9}.Debug|Any CPU.Build.0 = Debug|Any CPU
		{3B07006A-4FD4-4D3A-84C5-87732CC1B2C9}.Release|Any CPU.ActiveCfg = Release|Any CPU
		{3B07006A-4FD4-4D3A-84C5-87732CC1B2C9}.Release|Any CPU.Build.0 = Release|Any CPU
	EndGlobalSection
	GlobalSection(SolutionProperties) = preSolution
		HideSolutionNode = FALSE
	EndGlobalSection
	GlobalSection(ExtensibilityGlobals) = postSolution
		SolutionGuid = {5A832D5A-8A61-4A6D-9309-78FC0E3FF507}
	EndGlobalSection
EndGlobal
